<?xml version="1.0" encoding="utf-8"?>
<Project ToolsVersion="4.0" xmlns="http://schemas.microsoft.com/developer/msbuild/2003">
  <ItemGroup>
    <Filter Include="Core">
      <UniqueIdentifier>{2EB4837C-1AEB-840D-C3D7-6A10AFED000F}</UniqueIdentifier>
    </Filter>
    <Filter Include="Events">
      <UniqueIdentifier>{3A8963B1-262B-8E87-0FE6-A1DBFB2615D8}</UniqueIdentifier>
    </Filter>
    <Filter Include="ImGui">
      <UniqueIdentifier>{C0FF640D-2C14-8DBE-F595-301E616989EF}</UniqueIdentifier>
    </Filter>
    <Filter Include="TempGui">
      <UniqueIdentifier>{20AB6739-8C8A-E6D4-95A2-71AB01014D36}</UniqueIdentifier>
    </Filter>
    <Filter Include="Window">
      <UniqueIdentifier>{3DEA79DA-298C-A4B0-1247-B804FE872B01}</UniqueIdentifier>
    </Filter>
  </ItemGroup>
  <ItemGroup>
    <ClInclude Include="src\Core.h" />
    <ClInclude Include="src\Core\Application.h">
      <Filter>Core</Filter>
    </ClInclude>
    <ClInclude Include="src\Core\Log.h">
      <Filter>Core</Filter>
    </ClInclude>
    <ClInclude Include="src\Events\ApplicationEvent.h">
      <Filter>Events</Filter>
    </ClInclude>
    <ClInclude Include="src\Events\Event.h">
      <Filter>Events</Filter>
    </ClInclude>
    <ClInclude Include="src\Events\KeyEvent.h">
      <Filter>Events</Filter>
    </ClInclude>
    <ClInclude Include="src\Events\MouseEvent.h">
      <Filter>Events</Filter>
    </ClInclude>
    <ClInclude Include="src\ImGui\ImGuiLayer.h">
      <Filter>ImGui</Filter>
    </ClInclude>
    <ClInclude Include="src\TempGui\imconfig.h">
      <Filter>TempGui</Filter>
    </ClInclude>
    <ClInclude Include="src\TempGui\imgui.h">
      <Filter>TempGui</Filter>
    </ClInclude>
    <ClInclude Include="src\TempGui\imgui_impl_glfw.h">
      <Filter>TempGui</Filter>
    </ClInclude>
    <ClInclude Include="src\TempGui\imgui_impl_opengl3.h">
      <Filter>TempGui</Filter>
    </ClInclude>
    <ClInclude Include="src\TempGui\imgui_impl_opengl3_loader.h">
      <Filter>TempGui</Filter>
    </ClInclude>
    <ClInclude Include="src\TempGui\imgui_internal.h">
      <Filter>TempGui</Filter>
    </ClInclude>
    <ClInclude Include="src\TempGui\imstb_rectpack.h">
      <Filter>TempGui</Filter>
    </ClInclude>
    <ClInclude Include="src\TempGui\imstb_textedit.h">
      <Filter>TempGui</Filter>
    </ClInclude>
    <ClInclude Include="src\TempGui\imstb_truetype.h">
      <Filter>TempGui</Filter>
    </ClInclude>
    <ClInclude Include="src\Window\Window.h">
      <Filter>Window</Filter>
    </ClInclude>
    <ClInclude Include="src\cdpch.h" />
  </ItemGroup>
  <ItemGroup>
    <ClCompile Include="src\Core\Application.cpp">
      <Filter>Core</Filter>
    </ClCompile>
    <ClCompile Include="src\Core\Log.cpp">
      <Filter>Core</Filter>
    </ClCompile>
    <ClCompile Include="src\ImGui\ImGuiLayer.cpp">
      <Filter>ImGui</Filter>
    </ClCompile>
    <ClCompile Include="src\Main.cpp" />
    <ClCompile Include="src\TempGui\imgui.cpp">
      <Filter>TempGui</Filter>
    </ClCompile>
    <ClCompile Include="src\TempGui\imgui_demo.cpp">
      <Filter>TempGui</Filter>
    </ClCompile>
    <ClCompile Include="src\TempGui\imgui_draw.cpp">
      <Filter>TempGui</Filter>
    </ClCompile>
    <ClCompile Include="src\TempGui\imgui_impl_glfw.cpp">
      <Filter>TempGui</Filter>
    </ClCompile>
    <ClCompile Include="src\TempGui\imgui_impl_opengl3.cpp">
      <Filter>TempGui</Filter>
    </ClCompile>
    <ClCompile Include="src\TempGui\imgui_tables.cpp">
      <Filter>TempGui</Filter>
    </ClCompile>
    <ClCompile Include="src\TempGui\imgui_widgets.cpp">
      <Filter>TempGui</Filter>
    </ClCompile>
    <ClCompile Include="src\Window\Window.cpp">
      <Filter>Window</Filter>
    </ClCompile>
    <ClCompile Include="src\cdpch.cpp" />
  </ItemGroup>
</Project>